// !$*UTF8*$!
{
	archiveVersion = 1;
	classes = {
	};
	objectVersion = 77;
	objects = {

/* Begin PBXBuildFile section */
		A961E7432F5F837700B3333D /* SVCore in Frameworks */ = {isa = PBXBuildFile; productRef = A961E7422F5F837700B3333D /* SVCore */; };
		A961E7462F5F839100B3333D /* SVAudio in Frameworks */ = {isa = PBXBuildFile; productRef = A961E7452F5F839100B3333D /* SVAudio */; };
		A961E7492F5F83A100B3333D /* SVLearning in Frameworks */ = {isa = PBXBuildFile; productRef = A961E7482F5F83A100B3333D /* SVLearning */; };
		A961E74C2F5F83B400B3333D /* SVAI in Frameworks */ = {isa = PBXBuildFile; productRef = A961E74B2F5F83B400B3333D /* SVAI */; };
		A961E74F2F5F83C400B3333D /* SVSocial in Frameworks */ = {isa = PBXBuildFile; productRef = A961E74E2F5F83C400B3333D /* SVSocial */; };
		A961E7522F5F83D400B3333D /* SVBilling in Frameworks */ = {isa = PBXBuildFile; productRef = A961E7512F5F83D400B3333D /* SVBilling */; };
		A961E7552F5F83EB00B3333D /* SVAdvanced in Frameworks */ = {isa = PBXBuildFile; productRef = A961E7542F5F83EB00B3333D /* SVAdvanced */; };
		A961E75D2F5F8F1E00B3333D /* .swiftlint.yml in Resources */ = {isa = PBXBuildFile; fileRef = A961E75C2F5F8F1E00B3333D /* .swiftlint.yml */; };
		A961E75F2F5F8F5A00B3333D /* .swift-format in Resources */ = {isa = PBXBuildFile; fileRef = A961E75E2F5F8F5A00B3333D /* .swift-format */; };
		A961E7632F5F8FD400B3333D /* .gitignore in Resources */ = {isa = PBXBuildFile; fileRef = A961E7622F5F8FD400B3333D /* .gitignore */; };
		A963E5A32F6093460084D5D5 /* Localizable.xcstrings in Resources */ = {isa = PBXBuildFile; fileRef = A963E5A22F6093460084D5D5 /* Localizable.xcstrings */; };
		A963E5A52F6093470084D5D5 /* InfoPlist.xcstrings in Resources */ = {isa = PBXBuildFile; fileRef = A963E5A42F6093470084D5D5 /* InfoPlist.xcstrings */; };
		A9FD987C2F64BB5800D4A811 /* Keyboard in Frameworks */ = {isa = PBXBuildFile; productRef = A9FD987B2F64BB5800D4A811 /* Keyboard */; };
		A9FD987E2F64BB6900D4A811 /* AudioKitUI in Frameworks */ = {isa = PBXBuildFile; productRef = A9FD987D2F64BB6900D4A811 /* AudioKitUI */; };
/* End PBXBuildFile section */

/* Begin PBXContainerItemProxy section */
		A961E7242F5F808100B3333D /* PBXContainerItemProxy */ = {
			isa = PBXContainerItemProxy;
			containerPortal = A961E70A2F5F808000B3333D /* Project object */;
			proxyType = 1;
			remoteGlobalIDString = A961E7112F5F808000B3333D;
			remoteInfo = SurVibe;
		};
		A961E72E2F5F808100B3333D /* PBXContainerItemProxy */ = {
			isa = PBXContainerItemProxy;
			containerPortal = A961E70A2F5F808000B3333D /* Project object */;
			proxyType = 1;
			remoteGlobalIDString = A961E7112F5F808000B3333D;
			remoteInfo = SurVibe;
		};
/* End PBXContainerItemProxy section */

/* Begin PBXFileReference section */
		A961E7122F5F808000B3333D /* SurVibe.app */ = {isa = PBXFileReference; explicitFileType = wrapper.application; includeInIndex = 0; path = SurVibe.app; sourceTree = BUILT_PRODUCTS_DIR; };
		A961E7232F5F808100B3333D /* SurVibeTests.xctest */ = {isa = PBXFileReference; explicitFileType = wrapper.cfbundle; includeInIndex = 0; path = SurVibeTests.xctest; sourceTree = BUILT_PRODUCTS_DIR; };
		A961E72D2F5F808100B3333D /* SurVibeUITests.xctest */ = {isa = PBXFileReference; explicitFileType = wrapper.cfbundle; includeInIndex = 0; path = SurVibeUITests.xctest; sourceTree = BUILT_PRODUCTS_DIR; };
		A961E75C2F5F8F1E00B3333D /* .swiftlint.yml */ = {isa = PBXFileReference; lastKnownFileType = text.yaml; path = .swiftlint.yml; sourceTree = "<group>"; };
		A961E75E2F5F8F5A00B3333D /* .swift-format */ = {isa = PBXFileReference; lastKnownFileType = text; path = ".swift-format"; sourceTree = "<group>"; };
		A961E7622F5F8FD400B3333D /* .gitignore */ = {isa = PBXFileReference; lastKnownFileType = text; path = .gitignore; sourceTree = "<group>"; };
		A963E5A22F6093460084D5D5 /* Localizable.xcstrings */ = {isa = PBXFileReference; lastKnownFileType = text.json.xcstrings; path = Localizable.xcstrings; sourceTree = "<group>"; };
		A963E5A42F6093470084D5D5 /* InfoPlist.xcstrings */ = {isa = PBXFileReference; lastKnownFileType = text.json.xcstrings; path = InfoPlist.xcstrings; sourceTree = "<group>"; };
/* End PBXFileReference section */

/* Begin PBXFileSystemSynchronizedBuildFileExceptionSet section */
		A961E7352F5F808100B3333D /* Exceptions for "SurVibe" folder in "SurVibe" target */ = {
			isa = PBXFileSystemSynchronizedBuildFileExceptionSet;
			membershipExceptions = (
				Info.plist,
			);
			target = A961E7112F5F808000B3333D /* SurVibe */;
		};
/* End PBXFileSystemSynchronizedBuildFileExceptionSet section */

/* Begin PBXFileSystemSynchronizedRootGroup section */
		A961E7142F5F808000B3333D /* SurVibe */ = {
			isa = PBXFileSystemSynchronizedRootGroup;
			exceptions = (
				A961E7352F5F808100B3333D /* Exceptions for "SurVibe" folder in "SurVibe" target */,
			);
			path = SurVibe;
			sourceTree = "<group>";
		};
		A961E7262F5F808100B3333D /* SurVibeTests */ = {
			isa = PBXFileSystemSynchronizedRootGroup;
			path = SurVibeTests;
			sourceTree = "<group>";
		};
		A961E7302F5F808100B3333D /* SurVibeUITests */ = {
			isa = PBXFileSystemSynchronizedRootGroup;
			path = SurVibeUITests;
			sourceTree = "<group>";
		};
/* End PBXFileSystemSynchronizedRootGroup section */

/* Begin PBXFrameworksBuildPhase section */
		A961E70F2F5F808000B3333D /* Frameworks */ = {
			isa = PBXFrameworksBuildPhase;
			buildActionMask = 2147483647;
			files = (
				A961E7552F5F83EB00B3333D /* SVAdvanced in Frameworks */,
				A9FD987E2F64BB6900D4A811 /* AudioKitUI in Frameworks */,
				A9FD987C2F64BB5800D4A811 /* Keyboard in Frameworks */,
				A961E7462F5F839100B3333D /* SVAudio in Frameworks */,
				A961E7492F5F83A100B3333D /* SVLearning in Frameworks */,
				A961E74F2F5F83C400B3333D /* SVSocial in Frameworks */,
				A961E7522F5F83D400B3333D /* SVBilling in Frameworks */,
				A961E7432F5F837700B3333D /* SVCore in Frameworks */,
				A961E74C2F5F83B400B3333D /* SVAI in Frameworks */,
			);
			runOnlyForDeploymentPostprocessing = 0;
		};
		A961E7202F5F808100B3333D /* Frameworks */ = {
			isa = PBXFrameworksBuildPhase;
			buildActionMask = 2147483647;
			files = (
			);
			runOnlyForDeploymentPostprocessing = 0;
		};
		A961E72A2F5F808100B3333D /* Frameworks */ = {
			isa = PBXFrameworksBuildPhase;
			buildActionMask = 2147483647;
			files = (
			);
			runOnlyForDeploymentPostprocessing = 0;
		};
/* End PBXFrameworksBuildPhase section */

/* Begin PBXGroup section */
		A961E7092F5F808000B3333D = {
			isa = PBXGroup;
			children = (
				A961E7142F5F808000B3333D /* SurVibe */,
				A961E7262F5F808100B3333D /* SurVibeTests */,
				A961E7302F5F808100B3333D /* SurVibeUITests */,
				A961E7132F5F808000B3333D /* Products */,
				A961E75C2F5F8F1E00B3333D /* .swiftlint.yml */,
				A961E75E2F5F8F5A00B3333D /* .swift-format */,
				A961E7622F5F8FD400B3333D /* .gitignore */,
				A963E5A22F6093460084D5D5 /* Localizable.xcstrings */,
				A963E5A42F6093470084D5D5 /* InfoPlist.xcstrings */,
				A9FD987A2F64BB5800D4A811 /* Frameworks */,
			);
			sourceTree = "<group>";
		};
		A961E7132F5F808000B3333D /* Products */ = {
			isa = PBXGroup;
			children = (
				A961E7122F5F808000B3333D /* SurVibe.app */,
				A961E7232F5F808100B3333D /* SurVibeTests.xctest */,
				A961E72D2F5F808100B3333D /* SurVibeUITests.xctest */,
			);
			name = Products;
			sourceTree = "<group>";
		};
		A9FD987A2F64BB5800D4A811 /* Frameworks */ = {
			isa = PBXGroup;
			children = (
			);
			name = Frameworks;
			sourceTree = "<group>";
		};
/* End PBXGroup section */

/* Begin PBXNativeTarget section */
		A961E7112F5F808000B3333D /* SurVibe */ = {
			isa = PBXNativeTarget;
			buildConfigurationList = A961E7362F5F808100B3333D /* Build configuration list for PBXNativeTarget "SurVibe" */;
			buildPhases = (
				A961E70E2F5F808000B3333D /* Sources */,
				A961E70F2F5F808000B3333D /* Frameworks */,
				A961E7102F5F808000B3333D /* Resources */,
			);
			buildRules = (
			);
			dependencies = (
			);
			fileSystemSynchronizedGroups = (
				A961E7142F5F808000B3333D /* SurVibe */,
			);
			name = SurVibe;
			packageProductDependencies = (
				A961E7422F5F837700B3333D /* SVCore */,
				A961E7452F5F839100B3333D /* SVAudio */,
				A961E7482F5F83A100B3333D /* SVLearning */,
				A961E74B2F5F83B400B3333D /* SVAI */,
				A961E74E2F5F83C400B3333D /* SVSocial */,
				A961E7512F5F83D400B3333D /* SVBilling */,
				A961E7542F5F83EB00B3333D /* SVAdvanced */,
				A9FD987B2F64BB5800D4A811 /* Keyboard */,
				A9FD987D2F64BB6900D4A811 /* AudioKitUI */,
			);
			productName = SurVibe;
			productReference = A961E7122F5F808000B3333D /* SurVibe.app */;
			productType = "com.apple.product-type.application";
		};
		A961E7222F5F808100B3333D /* SurVibeTests */ = {
			isa = PBXNativeTarget;
			buildConfigurationList = A961E73B2F5F808100B3333D /* Build configuration list for PBXNativeTarget "SurVibeTests" */;
			buildPhases = (
				A961E71F2F5F808100B3333D /* Sources */,
				A961E7202F5F808100B3333D /* Frameworks */,
				A961E7212F5F808100B3333D /* Resources */,
			);
			buildRules = (
			);
			dependencies = (
				A961E7252F5F808100B3333D /* PBXTargetDependency */,
			);
			fileSystemSynchronizedGroups = (
				A961E7262F5F808100B3333D /* SurVibeTests */,
			);
			name = SurVibeTests;
			packageProductDependencies = (
			);
			productName = SurVibeTests;
			productReference = A961E7232F5F808100B3333D /* SurVibeTests.xctest */;
			productType = "com.apple.product-type.bundle.unit-test";
		};
		A961E72C2F5F808100B3333D /* SurVibeUITests */ = {
			isa = PBXNativeTarget;
			buildConfigurationList = A961E73E2F5F808100B3333D /* Build configuration list for PBXNativeTarget "SurVibeUITests" */;
			buildPhases = (
				A961E7292F5F808100B3333D /* Sources */,
				A961E72A2F5F808100B3333D /* Frameworks */,
				A961E72B2F5F808100B3333D /* Resources */,
			);
			buildRules = (
			);
			dependencies = (
				A961E72F2F5F808100B3333D /* PBXTargetDependency */,
			);
			fileSystemSynchronizedGroups = (
				A961E7302F5F808100B3333D /* SurVibeUITests */,
			);
			name = SurVibeUITests;
			packageProductDependencies = (
			);
			productName = SurVibeUITests;
			productReference = A961E72D2F5F808100B3333D /* SurVibeUITests.xctest */;
			productType = "com.apple.product-type.bundle.ui-testing";
		};
/* End PBXNativeTarget section */

/* Begin PBXProject section */
		A961E70A2F5F808000B3333D /* Project object */ = {
			isa = PBXProject;
			attributes = {
				BuildIndependentTargetsInParallel = 1;
				LastSwiftUpdateCheck = 2630;
				LastUpgradeCheck = 2630;
				TargetAttributes = {
					A961E7112F5F808000B3333D = {
						CreatedOnToolsVersion = 26.3;
					};
					A961E7222F5F808100B3333D = {
						CreatedOnToolsVersion = 26.3;
						TestTargetID = A961E7112F5F808000B3333D;
					};
					A961E72C2F5F808100B3333D = {
						CreatedOnToolsVersion = 26.3;
						TestTargetID = A961E7112F5F808000B3333D;
					};
				};
			};
			buildConfigurationList = A961E70D2F5F808000B3333D /* Build configuration list for PBXProject "SurVibe" */;
			developmentRegion = en;
			hasScannedForEncodings = 0;
			knownRegions = (
				en,
				Base,
				hi,
				bn,
				ta,
				te,
				mr,
				gu,
				kn,
				ml,
				pa,
				or,
				ur,
				as,
				ne,
				sa,
				kok,
				mai,
				brx,
				doi,
				ks,
				sd,
				sat,
				mni,
			);
			mainGroup = A961E7092F5F808000B3333D;
			minimizedProjectReferenceProxies = 1;
			packageReferences = (
				A961E7412F5F837700B3333D /* XCLocalSwiftPackageReference "Packages/SVCore" */,
				A961E7442F5F839100B3333D /* XCLocalSwiftPackageReference "Packages/SVAudio" */,
				A961E7472F5F83A100B3333D /* XCLocalSwiftPackageReference "Packages/SVLearning" */,
				A961E74A2F5F83B400B3333D /* XCLocalSwiftPackageReference "Packages/SVAI" */,
				A961E74D2F5F83C400B3333D /* XCLocalSwiftPackageReference "Packages/SVSocial" */,
				A961E7502F5F83D400B3333D /* XCLocalSwiftPackageReference "Packages/SVBilling" */,
				A961E7532F5F83EB00B3333D /* XCLocalSwiftPackageReference "Packages/SVAdvanced" */,
				A9FD98712F64B86C00D4A811 /* XCRemoteSwiftPackageReference "Keyboard" */,
				A9FD98722F64B89D00D4A811 /* XCRemoteSwiftPackageReference "AudioKitUI" */,
			);
			preferredProjectObjectVersion = 77;
			productRefGroup = A961E7132F5F808000B3333D /* Products */;
			projectDirPath = "";
			projectRoot = "";
			targets = (
				A961E7112F5F808000B3333D /* SurVibe */,
				A961E7222F5F808100B3333D /* SurVibeTests */,
				A961E72C2F5F808100B3333D /* SurVibeUITests */,
			);
		};
/* End PBXProject section */

/* Begin PBXResourcesBuildPhase section */
		A961E7102F5F808000B3333D /* Resources */ = {
			isa = PBXResourcesBuildPhase;
			buildActionMask = 2147483647;
			files = (
				A963E5A52F6093470084D5D5 /* InfoPlist.xcstrings in Resources */,
				A961E7632F5F8FD400B3333D /* .gitignore in Resources */,
				A963E5A32F6093460084D5D5 /* Localizable.xcstrings in Resources */,
				A961E75D2F5F8F1E00B3333D /* .swiftlint.yml in Resources */,
				A961E75F2F5F8F5A00B3333D /* .swift-format in Resources */,
			);
			runOnlyForDeploymentPostprocessing = 0;
		};
		A961E7212F5F808100B3333D /* Resources */ = {
			isa = PBXResourcesBuildPhase;
			buildActionMask = 2147483647;
			files = (
			);
			runOnlyForDeploymentPostprocessing = 0;
		};
		A961E72B2F5F808100B3333D /* Resources */ = {
			isa = PBXResourcesBuildPhase;
			buildActionMask = 2147483647;
			files = (
			);
			runOnlyForDeploymentPostprocessing = 0;
		};
/* End PBXResourcesBuildPhase section */

/* Begin PBXSourcesBuildPhase section */
		A961E70E2F5F808000B3333D /* Sources */ = {
			isa = PBXSourcesBuildPhase;
			buildActionMask = 2147483647;
			files = (
			);
			runOnlyForDeploymentPostprocessing = 0;
		};
		A961E71F2F5F808100B3333D /* Sources */ = {
			isa = PBXSourcesBuildPhase;
			buildActionMask = 2147483647;
			files = (
			);
			runOnlyForDeploymentPostprocessing = 0;
		};
		A961E7292F5F808100B3333D /* Sources */ = {
			isa = PBXSourcesBuildPhase;
			buildActionMask = 2147483647;
			files = (
			);
			runOnlyForDeploymentPostprocessing = 0;
		};
/* End PBXSourcesBuildPhase section */

/* Begin PBXTargetDependency section */
		A961E7252F5F808100B3333D /* PBXTargetDependency */ = {
			isa = PBXTargetDependency;
			target = A961E7112F5F808000B3333D /* SurVibe */;
			targetProxy = A961E7242F5F808100B3333D /* PBXContainerItemProxy */;
		};
		A961E72F2F5F808100B3333D /* PBXTargetDependency */ = {
			isa = PBXTargetDependency;
			target = A961E7112F5F808000B3333D /* SurVibe */;
			targetProxy = A961E72E2F5F808100B3333D /* PBXContainerItemProxy */;
		};
/* End PBXTargetDependency section */

/* Begin XCBuildConfiguration section */
		A961E7372F5F808100B3333D /* Debug */ = {
			isa = XCBuildConfiguration;
			buildSettings = {
				ASSETCATALOG_COMPILER_APPICON_NAME = AppIcon;
				ASSETCATALOG_COMPILER_GLOBAL_ACCENT_COLOR_NAME = AccentColor;
				CODE_SIGN_ENTITLEMENTS = SurVibe/SurVibe.entitlements;
				CODE_SIGN_IDENTITY = "Apple Development";
				CODE_SIGN_STYLE = Automatic;
				CURRENT_PROJECT_VERSION = 1;
				DEVELOPMENT_TEAM = 39LD239R96;
				ENABLE_PREVIEWS = YES;
				GCC_TREAT_WARNINGS_AS_ERRORS = NO;
				GENERATE_INFOPLIST_FILE = YES;
				INFOPLIST_FILE = SurVibe/Info.plist;
				INFOPLIST_KEY_UIApplicationSceneManifest_Generation = YES;
				INFOPLIST_KEY_UIApplicationSupportsIndirectInputEvents = YES;
				INFOPLIST_KEY_UILaunchScreen_Generation = YES;
				INFOPLIST_KEY_UISupportedInterfaceOrientations_iPad = "UIInterfaceOrientationPortrait UIInterfaceOrientationPortraitUpsideDown UIInterfaceOrientationLandscapeLeft UIInterfaceOrientationLandscapeRight";
				INFOPLIST_KEY_UISupportedInterfaceOrientations_iPhone = "UIInterfaceOrientationPortrait UIInterfaceOrientationLandscapeLeft UIInterfaceOrientationLandscapeRight";
				"IPHONEOS_DEPLOYMENT_TARGET[sdk=iphone*]" = 26.2;
				LD_RUNPATH_SEARCH_PATHS = (
					"$(inherited)",
					"@executable_path/Frameworks",
				);
				MACOSX_DEPLOYMENT_TARGET = 26.0;
				MARKETING_VERSION = 1.0;
				PRODUCT_BUNDLE_IDENTIFIER = com.survibe.SurVibe;
				PRODUCT_NAME = "$(TARGET_NAME)";
				PROVISIONING_PROFILE_SPECIFIER = "";
				STRING_CATALOG_GENERATE_SYMBOLS = YES;
				SWIFT_APPROACHABLE_CONCURRENCY = YES;
				SWIFT_DEFAULT_ACTOR_ISOLATION = MainActor;
				SWIFT_EMIT_LOC_STRINGS = YES;
				SWIFT_TREAT_WARNINGS_AS_ERRORS = YES;
				SWIFT_UPCOMING_FEATURE_MEMBER_IMPORT_VISIBILITY = YES;
				SWIFT_VERSION = 5.0;
				TARGETED_DEVICE_FAMILY = "1,2";
			};
			name = Debug;
		};
		A961E7382F5F808100B3333D /* Release */ = {
			isa = XCBuildConfiguration;
			buildSettings = {
				ASSETCATALOG_COMPILER_APPICON_NAME = AppIcon;
				ASSETCATALOG_COMPILER_GLOBAL_ACCENT_COLOR_NAME = AccentColor;
				CODE_SIGN_ENTITLEMENTS = SurVibe/SurVibe.entitlements;
				CODE_SIGN_IDENTITY = "Apple Development";
				CODE_SIGN_STYLE = Automatic;
				CURRENT_PROJECT_VERSION = 1;
				DEVELOPMENT_TEAM = 39LD239R96;
				ENABLE_PREVIEWS = YES;
				GCC_TREAT_WARNINGS_AS_ERRORS = NO;
				GENERATE_INFOPLIST_FILE = YES;
				INFOPLIST_FILE = SurVibe/Info.plist;
				INFOPLIST_KEY_UIApplicationSceneManifest_Generation = YES;
				INFOPLIST_KEY_UIApplicationSupportsIndirectInputEvents = YES;
				INFOPLIST_KEY_UILaunchScreen_Generation = YES;
				INFOPLIST_KEY_UISupportedInterfaceOrientations_iPad = "UIInterfaceOrientationPortrait UIInterfaceOrientationPortraitUpsideDown UIInterfaceOrientationLandscapeLeft UIInterfaceOrientationLandscapeRight";
				INFOPLIST_KEY_UISupportedInterfaceOrientations_iPhone = "UIInterfaceOrientationPortrait UIInterfaceOrientationLandscapeLeft UIInterfaceOrientationLandscapeRight";
				"IPHONEOS_DEPLOYMENT_TARGET[sdk=iphone*]" = 26.2;
				LD_RUNPATH_SEARCH_PATHS = (
					"$(inherited)",
					"@executable_path/Frameworks",
				);
				MACOSX_DEPLOYMENT_TARGET = 26.0;
				MARKETING_VERSION = 1.0;
				PRODUCT_BUNDLE_IDENTIFIER = com.survibe.SurVibe;
				PRODUCT_NAME = "$(TARGET_NAME)";
				PROVISIONING_PROFILE_SPECIFIER = "";
				STRING_CATALOG_GENERATE_SYMBOLS = YES;
				SWIFT_APPROACHABLE_CONCURRENCY = YES;
				SWIFT_DEFAULT_ACTOR_ISOLATION = MainActor;
				SWIFT_EMIT_LOC_STRINGS = YES;
				SWIFT_TREAT_WARNINGS_AS_ERRORS = YES;
				SWIFT_UPCOMING_FEATURE_MEMBER_IMPORT_VISIBILITY = YES;
				SWIFT_VERSION = 5.0;
				TARGETED_DEVICE_FAMILY = "1,2";
			};
			name = Release;
		};
		A961E7392F5F808100B3333D /* Debug */ = {
			isa = XCBuildConfiguration;
			buildSettings = {
				ALWAYS_SEARCH_USER_PATHS = NO;
				ASSETCATALOG_COMPILER_GENERATE_SWIFT_ASSET_SYMBOL_EXTENSIONS = YES;
				CLANG_ANALYZER_NONNULL = YES;
				CLANG_ANALYZER_NUMBER_OBJECT_CONVERSION = YES_AGGRESSIVE;
				CLANG_CXX_LANGUAGE_STANDARD = "gnu++20";
				CLANG_ENABLE_MODULES = YES;
				CLANG_ENABLE_OBJC_ARC = YES;
				CLANG_ENABLE_OBJC_WEAK = YES;
				CLANG_WARN_BLOCK_CAPTURE_AUTORELEASING = YES;
				CLANG_WARN_BOOL_CONVERSION = YES;
				CLANG_WARN_COMMA = YES;
				CLANG_WARN_CONSTANT_CONVERSION = YES;
				CLANG_WARN_DEPRECATED_OBJC_IMPLEMENTATIONS = YES;
				CLANG_WARN_DIRECT_OBJC_ISA_USAGE = YES_ERROR;
				CLANG_WARN_DOCUMENTATION_COMMENTS = YES;
				CLANG_WARN_EMPTY_BODY = YES;
				CLANG_WARN_ENUM_CONVERSION = YES;
				CLANG_WARN_INFINITE_RECURSION = YES;
				CLANG_WARN_INT_CONVERSION = YES;
				CLANG_WARN_NON_LITERAL_NULL_CONVERSION = YES;
				CLANG_WARN_OBJC_IMPLICIT_RETAIN_SELF = YES;
				CLANG_WARN_OBJC_LITERAL_CONVERSION = YES;
				CLANG_WARN_OBJC_ROOT_CLASS = YES_ERROR;
				CLANG_WARN_QUOTED_INCLUDE_IN_FRAMEWORK_HEADER = YES;
				CLANG_WARN_RANGE_LOOP_ANALYSIS = YES;
				CLANG_WARN_STRICT_PROTOTYPES = YES;
				CLANG_WARN_SUSPICIOUS_MOVE = YES;
				CLANG_WARN_UNGUARDED_AVAILABILITY = YES_AGGRESSIVE;
				CLANG_WARN_UNREACHABLE_CODE = YES;
				CLANG_WARN__DUPLICATE_METHOD_MATCH = YES;
				COPY_PHASE_STRIP = NO;
				DEBUG_INFORMATION_FORMAT = dwarf;
				DEVELOPMENT_TEAM = 39LD239R96;
				ENABLE_STRICT_OBJC_MSGSEND = YES;
				ENABLE_TESTABILITY = YES;
				ENABLE_USER_SCRIPT_SANDBOXING = YES;
				GCC_C_LANGUAGE_STANDARD = gnu17;
				GCC_DYNAMIC_NO_PIC = NO;
				GCC_NO_COMMON_BLOCKS = YES;
				GCC_OPTIMIZATION_LEVEL = 0;
				GCC_PREPROCESSOR_DEFINITIONS = (
					"DEBUG=1",
					"$(inherited)",
				);
				GCC_WARN_64_TO_32_BIT_CONVERSION = YES;
				GCC_WARN_ABOUT_RETURN_TYPE = YES_ERROR;
				GCC_WARN_UNDECLARED_SELECTOR = YES;
				GCC_WARN_UNINITIALIZED_AUTOS = YES_AGGRESSIVE;
				GCC_WARN_UNUSED_FUNCTION = YES;
				GCC_WARN_UNUSED_VARIABLE = YES;
				IPHONEOS_DEPLOYMENT_TARGET = 26.2;
				LOCALIZATION_PREFERS_STRING_CATALOGS = YES;
				MTL_ENABLE_DEBUG_INFO = INCLUDE_SOURCE;
				MTL_FAST_MATH = YES;
				ONLY_ACTIVE_ARCH = YES;
				SDKROOT = iphoneos;
				SWIFT_ACTIVE_COMPILATION_CONDITIONS = "DEBUG $(inherited)";
				SWIFT_OPTIMIZATION_LEVEL = "-Onone";
			};
			name = Debug;
		};
		A961E73A2F5F808100B3333D /* Release */ = {
			isa = XCBuildConfiguration;
			buildSettings = {
				ALWAYS_SEARCH_USER_PATHS = NO;
				ASSETCATALOG_COMPILER_GENERATE_SWIFT_ASSET_SYMBOL_EXTENSIONS = YES;
				CLANG_ANALYZER_NONNULL = YES;
				CLANG_ANALYZER_NUMBER_OBJECT_CONVERSION = YES_AGGRESSIVE;
				CLANG_CXX_LANGUAGE_STANDARD = "gnu++20";
				CLANG_ENABLE_MODULES = YES;
				CLANG_ENABLE_OBJC_ARC = YES;
				CLANG_ENABLE_OBJC_WEAK = YES;
				CLANG_WARN_BLOCK_CAPTURE_AUTORELEASING = YES;
				CLANG_WARN_BOOL_CONVERSION = YES;
				CLANG_WARN_COMMA = YES;
				CLANG_WARN_CONSTANT_CONVERSION = YES;
				CLANG_WARN_DEPRECATED_OBJC_IMPLEMENTATIONS = YES;
				CLANG_WARN_DIRECT_OBJC_ISA_USAGE = YES_ERROR;
				CLANG_WARN_DOCUMENTATION_COMMENTS = YES;
				CLANG_WARN_EMPTY_BODY = YES;
				CLANG_WARN_ENUM_CONVERSION = YES;
				CLANG_WARN_INFINITE_RECURSION = YES;
				CLANG_WARN_INT_CONVERSION = YES;
				CLANG_WARN_NON_LITERAL_NULL_CONVERSION = YES;
				CLANG_WARN_OBJC_IMPLICIT_RETAIN_SELF = YES;
				CLANG_WARN_OBJC_LITERAL_CONVERSION = YES;
				CLANG_WARN_OBJC_ROOT_CLASS = YES_ERROR;
				CLANG_WARN_QUOTED_INCLUDE_IN_FRAMEWORK_HEADER = YES;
				CLANG_WARN_RANGE_LOOP_ANALYSIS = YES;
				CLANG_WARN_STRICT_PROTOTYPES = YES;
				CLANG_WARN_SUSPICIOUS_MOVE = YES;
				CLANG_WARN_UNGUARDED_AVAILABILITY = YES_AGGRESSIVE;
				CLANG_WARN_UNREACHABLE_CODE = YES;
				CLANG_WARN__DUPLICATE_METHOD_MATCH = YES;
				COPY_PHASE_STRIP = NO;
				DEBUG_INFORMATION_FORMAT = "dwarf-with-dsym";
				DEVELOPMENT_TEAM = 39LD239R96;
				ENABLE_NS_ASSERTIONS = NO;
				ENABLE_STRICT_OBJC_MSGSEND = YES;
				ENABLE_USER_SCRIPT_SANDBOXING = YES;
				GCC_C_LANGUAGE_STANDARD = gnu17;
				GCC_NO_COMMON_BLOCKS = YES;
				GCC_WARN_64_TO_32_BIT_CONVERSION = YES;
				GCC_WARN_ABOUT_RETURN_TYPE = YES_ERROR;
				GCC_WARN_UNDECLARED_SELECTOR = YES;
				GCC_WARN_UNINITIALIZED_AUTOS = YES_AGGRESSIVE;
				GCC_WARN_UNUSED_FUNCTION = YES;
				GCC_WARN_UNUSED_VARIABLE = YES;
				IPHONEOS_DEPLOYMENT_TARGET = 26.2;
				LOCALIZATION_PREFERS_STRING_CATALOGS = YES;
				MTL_ENABLE_DEBUG_INFO = NO;
				MTL_FAST_MATH = YES;
				SDKROOT = iphoneos;
				SWIFT_COMPILATION_MODE = wholemodule;
				VALIDATE_PRODUCT = YES;
			};
			name = Release;
		};
		A961E73C2F5F808100B3333D /* Debug */ = {
			isa = XCBuildConfiguration;
			buildSettings = {
				BUNDLE_LOADER = "$(TEST_HOST)";
				CODE_SIGN_STYLE = Automatic;
				CURRENT_PROJECT_VERSION = 1;
				DEVELOPMENT_TEAM = 39LD239R96;
				GENERATE_INFOPLIST_FILE = YES;
				IPHONEOS_DEPLOYMENT_TARGET = 26.2;
				MARKETING_VERSION = 1.0;
				PRODUCT_BUNDLE_IDENTIFIER = com.survibe.SurVibeTests;
				PRODUCT_NAME = "$(TARGET_NAME)";
				STRING_CATALOG_GENERATE_SYMBOLS = NO;
				SWIFT_APPROACHABLE_CONCURRENCY = YES;
				SWIFT_EMIT_LOC_STRINGS = NO;
				SWIFT_UPCOMING_FEATURE_MEMBER_IMPORT_VISIBILITY = YES;
				SWIFT_VERSION = 5.0;
				TARGETED_DEVICE_FAMILY = "1,2";
				TEST_HOST = "$(BUILT_PRODUCTS_DIR)/SurVibe.app/$(BUNDLE_EXECUTABLE_FOLDER_PATH)/SurVibe";
			};
			name = Debug;
		};
		A961E73D2F5F808100B3333D /* Release */ = {
			isa = XCBuildConfiguration;
			buildSettings = {
				BUNDLE_LOADER = "$(TEST_HOST)";
				CODE_SIGN_STYLE = Automatic;
				CURRENT_PROJECT_VERSION = 1;
				DEVELOPMENT_TEAM = 39LD239R96;
				GENERATE_INFOPLIST_FILE = YES;
				IPHONEOS_DEPLOYMENT_TARGET = 26.2;
				MARKETING_VERSION = 1.0;
				PRODUCT_BUNDLE_IDENTIFIER = com.survibe.SurVibeTests;
				PRODUCT_NAME = "$(TARGET_NAME)";
				STRING_CATALOG_GENERATE_SYMBOLS = NO;
				SWIFT_APPROACHABLE_CONCURRENCY = YES;
				SWIFT_EMIT_LOC_STRINGS = NO;
				SWIFT_UPCOMING_FEATURE_MEMBER_IMPORT_VISIBILITY = YES;
				SWIFT_VERSION = 5.0;
				TARGETED_DEVICE_FAMILY = "1,2";
				TEST_HOST = "$(BUILT_PRODUCTS_DIR)/SurVibe.app/$(BUNDLE_EXECUTABLE_FOLDER_PATH)/SurVibe";
			};
			name = Release;
		};
		A961E73F2F5F808100B3333D /* Debug */ = {
			isa = XCBuildConfiguration;
			buildSettings = {
				CODE_SIGN_STYLE = Automatic;
				CURRENT_PROJECT_VERSION = 1;
				DEVELOPMENT_TEAM = 39LD239R96;
				GENERATE_INFOPLIST_FILE = YES;
				MARKETING_VERSION = 1.0;
				PRODUCT_BUNDLE_IDENTIFIER = com.survibe.SurVibeUITests;
				PRODUCT_NAME = "$(TARGET_NAME)";
				STRING_CATALOG_GENERATE_SYMBOLS = NO;
				SWIFT_APPROACHABLE_CONCURRENCY = YES;
				SWIFT_EMIT_LOC_STRINGS = NO;
				SWIFT_UPCOMING_FEATURE_MEMBER_IMPORT_VISIBILITY = YES;
				SWIFT_VERSION = 5.0;
				TARGETED_DEVICE_FAMILY = "1,2";
				TEST_TARGET_NAME = SurVibe;
			};
			name = Debug;
		};
		A961E7402F5F808100B3333D /* Release */ = {
			isa = XCBuildConfiguration;
			buildSettings = {
				CODE_SIGN_STYLE = Automatic;
				CURRENT_PROJECT_VERSION = 1;
				DEVELOPMENT_TEAM = 39LD239R96;
				GENERATE_INFOPLIST_FILE = YES;
				MARKETING_VERSION = 1.0;
				PRODUCT_BUNDLE_IDENTIFIER = com.survibe.SurVibeUITests;
				PRODUCT_NAME = "$(TARGET_NAME)";
				STRING_CATALOG_GENERATE_SYMBOLS = NO;
				SWIFT_APPROACHABLE_CONCURRENCY = YES;
				SWIFT_EMIT_LOC_STRINGS = NO;
				SWIFT_UPCOMING_FEATURE_MEMBER_IMPORT_VISIBILITY = YES;
				SWIFT_VERSION = 5.0;
				TARGETED_DEVICE_FAMILY = "1,2";
				TEST_TARGET_NAME = SurVibe;
			};
			name = Release;
		};
/* End XCBuildConfiguration section */

/* Begin XCConfigurationList section */
		A961E70D2F5F808000B3333D /* Build configuration list for PBXProject "SurVibe" */ = {
			isa = XCConfigurationList;
			buildConfigurations = (
				A961E7392F5F808100B3333D /* Debug */,
				A961E73A2F5F808100B3333D /* Release */,
			);
			defaultConfigurationIsVisible = 0;
			defaultConfigurationName = Release;
		};
		A961E7362F5F808100B3333D /* Build configuration list for PBXNativeTarget "SurVibe" */ = {
			isa = XCConfigurationList;
			buildConfigurations = (
				A961E7372F5F808100B3333D /* Debug */,
				A961E7382F5F808100B3333D /* Release */,
			);
			defaultConfigurationIsVisible = 0;
			defaultConfigurationName = Release;
		};
		A961E73B2F5F808100B3333D /* Build configuration list for PBXNativeTarget "SurVibeTests" */ = {
			isa = XCConfigurationList;
			buildConfigurations = (
				A961E73C2F5F808100B3333D /* Debug */,
				A961E73D2F5F808100B3333D /* Release */,
			);
			defaultConfigurationIsVisible = 0;
			defaultConfigurationName = Release;
		};
		A961E73E2F5F808100B3333D /* Build configuration list for PBXNativeTarget "SurVibeUITests" */ = {
			isa = XCConfigurationList;
			buildConfigurations = (
				A961E73F2F5F808100B3333D /* Debug */,
				A961E7402F5F808100B3333D /* Release */,
			);
			defaultConfigurationIsVisible = 0;
			defaultConfigurationName = Release;
		};
/* End XCConfigurationList section */

/* Begin XCLocalSwiftPackageReference section */
		A961E7412F5F837700B3333D /* XCLocalSwiftPackageReference "Packages/SVCore" */ = {
			isa = XCLocalSwiftPackageReference;
			relativePath = Packages/SVCore;
		};
		A961E7442F5F839100B3333D /* XCLocalSwiftPackageReference "Packages/SVAudio" */ = {
			isa = XCLocalSwiftPackageReference;
			relativePath = Packages/SVAudio;
		};
		A961E7472F5F83A100B3333D /* XCLocalSwiftPackageReference "Packages/SVLearning" */ = {
			isa = XCLocalSwiftPackageReference;
			relativePath = Packages/SVLearning;
		};
		A961E74A2F5F83B400B3333D /* XCLocalSwiftPackageReference "Packages/SVAI" */ = {
			isa = XCLocalSwiftPackageReference;
			relativePath = Packages/SVAI;
		};
		A961E74D2F5F83C400B3333D /* XCLocalSwiftPackageReference "Packages/SVSocial" */ = {
			isa = XCLocalSwiftPackageReference;
			relativePath = Packages/SVSocial;
		};
		A961E7502F5F83D400B3333D /* XCLocalSwiftPackageReference "Packages/SVBilling" */ = {
			isa = XCLocalSwiftPackageReference;
			relativePath = Packages/SVBilling;
		};
		A961E7532F5F83EB00B3333D /* XCLocalSwiftPackageReference "Packages/SVAdvanced" */ = {
			isa = XCLocalSwiftPackageReference;
			relativePath = Packages/SVAdvanced;
		};
/* End XCLocalSwiftPackageReference section */

/* Begin XCRemoteSwiftPackageReference section */
		A9FD98712F64B86C00D4A811 /* XCRemoteSwiftPackageReference "Keyboard" */ = {
			isa = XCRemoteSwiftPackageReference;
			repositoryURL = "https://github.com/AudioKit/Keyboard";
			requirement = {
				kind = upToNextMajorVersion;
				minimumVersion = 1.4.1;
			};
		};
		A9FD98722F64B89D00D4A811 /* XCRemoteSwiftPackageReference "AudioKitUI" */ = {
			isa = XCRemoteSwiftPackageReference;
			repositoryURL = "https://github.com/AudioKit/AudioKitUI";
			requirement = {
				kind = upToNextMajorVersion;
				minimumVersion = 0.3.7;
			};
		};
/* End XCRemoteSwiftPackageReference section */

/* Begin XCSwiftPackageProductDependency section */
		A961E7422F5F837700B3333D /* SVCore */ = {
			isa = XCSwiftPackageProductDependency;
			productName = SVCore;
		};
		A961E7452F5F839100B3333D /* SVAudio */ = {
			isa = XCSwiftPackageProductDependency;
			productName = SVAudio;
		};
		A961E7482F5F83A100B3333D /* SVLearning */ = {
			isa = XCSwiftPackageProductDependency;
			productName = SVLearning;
		};
		A961E74B2F5F83B400B3333D /* SVAI */ = {
			isa = XCSwiftPackageProductDependency;
			productName = SVAI;
		};
		A961E74E2F5F83C400B3333D /* SVSocial */ = {
			isa = XCSwiftPackageProductDependency;
			productName = SVSocial;
		};
		A961E7512F5F83D400B3333D /* SVBilling */ = {
			isa = XCSwiftPackageProductDependency;
			productName = SVBilling;
		};
		A961E7542F5F83EB00B3333D /* SVAdvanced */ = {
			isa = XCSwiftPackageProductDependency;
			productName = SVAdvanced;
		};
		A9FD987B2F64BB5800D4A811 /* Keyboard */ = {
			isa = XCSwiftPackageProductDependency;
			package = A9FD98712F64B86C00D4A811 /* XCRemoteSwiftPackageReference "Keyboard" */;
			productName = Keyboard;
		};
		A9FD987D2F64BB6900D4A811 /* AudioKitUI */ = {
			isa = XCSwiftPackageProductDependency;
			package = A9FD98722F64B89D00D4A811 /* XCRemoteSwiftPackageReference "AudioKitUI" */;
			productName = AudioKitUI;
		};
/* End XCSwiftPackageProductDependency section */
	};
	rootObject = A961E70A2F5F808000B3333D /* Project object */;
}
